
Microsoft Visual Studio Solution File, Format Version 12.00
# Visual Studio Version 16
VisualStudioVersion = 16.0.29409.12
MinimumVisualStudioVersion = 10.0.40219.1
Project("{FAE04EC0-301F-11D3-BF4B-00C04F79EFBC}") = "MISA.CukCuk", "MISA.CukCuk.csproj", "{84175580-C369-4CE9-B732-877E8677559A}"
EndProject
Global
	GlobalSection(SolutionConfigurationPlatforms) = preSolution
		Debug|Any CPU = Debug|Any CPU
		Release|Any CPU = Release|Any CPU
	EndGlobalSection
	GlobalSection(ProjectConfigurationPlatforms) = postSolution
		{84175580-C369-4CE9-B732-877E8677559A}.Debug|Any CPU.ActiveCfg = Debug|Any CPU
		{84175580-C369-4CE9-B732-877E8677559A}.Debug|Any CPU.Build.0 = Debug|Any CPU
		{84175580-C369-4CE9-B732-877E8677559A}.Release|Any CPU.ActiveCfg = Release|Any CPU
		{84175580-C369-4CE9-B732-877E8677559A}.Release|Any CPU.Build.0 = Release|Any CPU
	EndGlobalSection
	GlobalSection(SolutionProperties) = preSolution
		HideSolutionNode = FALSE
	EndGlobalSection
	GlobalSection(ExtensibilityGlobals) = postSolution
		SolutionGuid = {BD41D9BB-9942-4C96-9201-B2B1852A8621}
	EndGlobalSection
	GlobalSection(TeamFoundationVersionControl) = preSolution
		SccNumberOfProjects = 2
		SccEnterpriseProvider = {4CA58AB2-18FA-4F8D-95D4-32DDF27D184C}
		SccTeamFoundationServer = http://tfs2015:8080/tfs/freshercollection
		SccProjectUniqueName0 = MISA.CukCuk.csproj
		SccLocalPath0 = .
		SccLocalPath1 = .
	EndGlobalSection
EndGlobal
